
Microsoft Visual Studio Solution File, Format Version 12.00
# Visual Studio Version 16
VisualStudioVersion = 16.0.31729.503
MinimumVisualStudioVersion = 10.0.40219.1
Project("{FAE04EC0-301F-11D3-BF4B-00C04F79EFBC}") = "app", "app\app.csproj", "{2CF93BF2-919D-4312-9A86-BADF38397392}"
EndProject
Global
	GlobalSection(SolutionConfigurationPlatforms) = preSolution
		Debug|Any CPU = Debug|Any CPU
		Release|Any CPU = Release|Any CPU
	EndGlobalSection
	GlobalSection(ProjectConfigurationPlatforms) = postSolution
		{2CF93BF2-919D-4312-9A86-BADF38397392}.Debug|Any CPU.ActiveCfg = Debug|Any CPU
		{2CF93BF2-919D-4312-9A86-BADF38397392}.Debug|Any CPU.Build.0 = Debug|Any CPU
		{2CF93BF2-919D-4312-9A86-BADF38397392}.Release|Any CPU.ActiveCfg = Release|Any CPU
		{2CF93BF2-919D-4312-9A86-BADF38397392}.Release|Any CPU.Build.0 = Release|Any CPU
	EndGlobalSection
	GlobalSection(SolutionProperties) = preSolution
		HideSolutionNode = FALSE
	EndGlobalSection
	GlobalSection(ExtensibilityGlobals) = postSolution
		SolutionGuid = {965A79FE-9E38-4630-A206-BB11023E1B6C}
	EndGlobalSection
EndGlobal
